PODS:
  - Flutter (1.0.0)
  - MediaPipeTasksCommon (0.10.12)
  - MediaPipeTasksVision (0.10.12):
    - MediaPipeTasksCommon (= 0.10.12)
  - thinksys_mediapipe_plugin (0.0.1):
    - Flutter

DEPENDENCIES:
  - Flutter (from `Flutter`)
  - MediaPipeTasksVision (= 0.10.12)
  - thinksys_mediapipe_plugin (from `.symlinks/plugins/thinksys_mediapipe_plugin/ios`)

SPEC REPOS:
  trunk:
    - MediaPipeTasksCommon
    - MediaPipeTasksVision

EXTERNAL SOURCES:
  Flutter:
    :path: Flutter
  thinksys_mediapipe_plugin:
    :path: ".symlinks/plugins/thinksys_mediapipe_plugin/ios"

SPEC CHECKSUMS:
  Flutter: e0871f40cf51350855a761d2e70bf5af5b9b5de7
  MediaPipeTasksCommon: 254e6bff77804b262f6ecf180477142ea551e802
  MediaPipeTasksVision: 78d5c47cd7996b4d815bacba0a52dbf01458dfaf
  thinksys_mediapipe_plugin: b62e381ebc0c69f11613d23599f74f61e2d37c23

PODFILE CHECKSUM: b3887fb615b224b423712b118242960244da07d6

COCOAPODS: 1.15.2
